
Microsoft Visual Studio Solution File, Format Version 12.00
# Visual Studio Version 17
VisualStudioVersion = 17.6.33723.286
MinimumVisualStudioVersion = 10.0.40219.1
Project("{FAE04EC0-301F-11D3-BF4B-00C04F79EFBC}") = "MiddleText", "MiddleText\MiddleText.csproj", "{06371119-E854-4DAC-A6BC-D624018721D9}"
EndProject
Global
	GlobalSection(SolutionConfigurationPlatforms) = preSolution
		Debug|Any CPU = Debug|Any CPU
		Release|Any CPU = Release|Any CPU
	EndGlobalSection
	GlobalSection(ProjectConfigurationPlatforms) = postSolution
		{06371119-E854-4DAC-A6BC-D624018721D9}.Debug|Any CPU.ActiveCfg = Debug|Any CPU
		{06371119-E854-4DAC-A6BC-D624018721D9}.Debug|Any CPU.Build.0 = Debug|Any CPU
		{06371119-E854-4DAC-A6BC-D624018721D9}.Release|Any CPU.ActiveCfg = Release|Any CPU
		{06371119-E854-4DAC-A6BC-D624018721D9}.Release|Any CPU.Build.0 = Release|Any CPU
	EndGlobalSection
	GlobalSection(SolutionProperties) = preSolution
		HideSolutionNode = FALSE
	EndGlobalSection
	GlobalSection(ExtensibilityGlobals) = postSolution
		SolutionGuid = {6C912CC7-DC12-4213-8031-5AB1436EFF65}
	EndGlobalSection
EndGlobal
